hash: b956758ad3a079bb1bb27741dd8f7d89941c0d5a16316fbbcf926fffae5c1df4
updated: 2016-03-08T11:48:16.346680691+05:30
imports:
- name: github.com/aws/aws-sdk-go
  version: 84dd2369d1041b2c79c67bc81bba00636711d01b
  subpackages:
  - aws
  - aws/awserr
  - aws/credentials
  - aws/session
  - service/cloudwatchlogs
  - service/lambda
  - aws/client
  - aws/corehandlers
  - aws/defaults
  - aws/request
  - private/endpoints
  - aws/awsutil
  - aws/client/metadata
  - private/protocol
  - private/protocol/jsonrpc
  - private/signer/v4
  - private/protocol/restjson
  - aws/credentials/ec2rolecreds
  - aws/ec2metadata
  - private/protocol/json/jsonutil
  - private/protocol/rest
- name: github.com/fsouza/go-dockerclient
  version: 8fd3f77099a437356f92afa2319ab078914eb3f6
  subpackages:
  - external/github.com/docker/docker/opts
  - external/github.com/docker/docker/pkg/archive
  - external/github.com/docker/docker/pkg/fileutils
  - external/github.com/docker/docker/pkg/homedir
  - external/github.com/docker/docker/pkg/stdcopy
  - external/github.com/hashicorp/go-cleanhttp
  - external/github.com/Sirupsen/logrus
  - external/github.com/opencontainers/runc/libcontainer/user
  - external/golang.org/x/sys/unix
- name: github.com/go-ini/ini
  version: 776aa739ce9373377cd16f526cdf06cb4c89b40f
- name: github.com/iron-io/iron_go3
  version: 4aec4b86e69b521ea83e4434e274630585b73b54
  subpackages:
  - worker
  - api
  - config
- name: github.com/iron-io/lambda
  version: 87d7e8b826b6f14fa15fb639e8f448fcfba9e7d0
  subpackages:
  - lambda
  - test-suite/util
- name: github.com/jmespath/go-jmespath
  version: 0b12d6b521d83fc7f755e7cfc1b1fbdd35a01a74
- name: github.com/satori/go.uuid
  version: e673fdd4dea8a7334adbbe7f57b7e4b00bdc5502
- name: github.com/sendgrid/sendgrid-go
  version: 618ae01fc450f11509a8dee37756036780338593
- name: github.com/sendgrid/smtpapi-go
  version: 08102729bcf72bfe74dde6c0da8e0423e94090ca
devImports: []
