hash: 144bd93c4247f3246e459717b36598951283499fa842ff3bed8ad23dfea2478d
updated: 2016-10-18T11:20:43.851037791-07:00
imports:
- name: github.com/aws/aws-sdk-go
  version: 8f2725740345a0561fa09669f5f75f905404ef8b
  subpackages:
  - aws
  - aws/awserr
  - aws/credentials
  - aws/session
  - service/cloudwatchlogs
  - service/lambda
  - aws/client
  - aws/corehandlers
  - aws/defaults
  - aws/request
  - private/endpoints
  - aws/awsutil
  - aws/client/metadata
  - private/protocol
  - private/protocol/jsonrpc
  - private/signer/v4
  - private/protocol/restjson
  - aws/credentials/ec2rolecreds
  - aws/ec2metadata
  - private/protocol/json/jsonutil
  - private/protocol/rest
- name: github.com/Azure/go-ansiterm
  version: fa152c58bc15761d0200cb75fe958b89a9d4888e
  subpackages:
  - winterm
- name: github.com/docker/docker
  version: 20f81dde9bd97c86b2d0e33bbbf1388018611929
  subpackages:
  - pkg/jsonmessage
  - pkg/jsonlog
  - pkg/term
  - pkg/system
  - pkg/term/windows
- name: github.com/docker/engine-api
  version: 4290f40c056686fcaa5c9caf02eac1dde9315adf
  subpackages:
  - types/filters
  - types/swarm
- name: github.com/docker/go-units
  version: f2145db703495b2e525c59662db69a7344b00bb8
- name: github.com/go-ini/ini
  version: 6e4869b434bd001f6983749881c7ead3545887d8
- name: github.com/hashicorp/go-cleanhttp
  version: ad28ea4487f05916463e2423a55166280e8254b5
- name: github.com/iron-io/iron_go3
  version: cd9cc95ce2d2bb25d2e4e10cd62fff1d97ad1906
  subpackages:
  - worker
  - api
  - config
- name: github.com/iron-io/lambda
  version: ""
  subpackages:
  - lambda
- name: github.com/jmespath/go-jmespath
  version: bd40a432e4c76585ef6b72d3fd96fb9b6dc7b68d
- name: github.com/opencontainers/runc
  version: bf77e5976ad42b6167a167a9f3093748f7c154db
  subpackages:
  - libcontainer/user
- name: github.com/satori/go.uuid
  version: b061729afc07e77a8aa4fad0a2fd840958f1942a
- name: github.com/sendgrid/sendgrid-go
  version: 0bf6332788d0230b7da84a1ae68d7531073200e1
- name: github.com/sendgrid/smtpapi-go
  version: 072b6f477c501c30348f442559997853f12b364e
- name: github.com/Sirupsen/logrus
  version: 3ec0642a7fb6488f65b06f9040adc67e3990296a
- name: golang.org/x/sys
  version: 002cbb5f952456d0c50e0d2aff17ea5eca716979
  subpackages:
  - unix
devImports: []
